{
  "lib/forge-std": {
    "tag": {
      "name": "v1.15.0",
      "rev": "0844d7e1fc5e60d77b68e469bff60265f236c398"
    }
  },
  "lib/murky": {
    "tag": {
      "name": "v0.1.0",
      "rev": "5feccd1253d7da820f7cccccdedf64471025455d"
    }
  },
  "lib/openzeppelin-contracts": {
    "tag": {
      "name": "v5.6.1",
      "rev": "5fd1781b1454fd1ef8e722282f86f9293cacf256"
    }
  },
  "lib/openzeppelin-contracts-upgradeable": {
    "tag": {
      "name": "v5.0.2",
      "rev": "723f8cab09cdae1aca9ec9cc1cfa040c2d4b06c1"
    }
  },
  "lib/solidity-merkle-trees": {
    "rev": "0922f2e202483400ca2a055e99508127d8bef193"
  }
}